
Microsoft Visual Studio Solution File, Format Version 12.00
# Visual Studio Version 17
VisualStudioVersion = 17.9.34728.123
MinimumVisualStudioVersion = 10.0.40219.1
Project("{FAE04EC0-301F-11D3-BF4B-00C04F79EFBC}") = "AL_VALHALLA", "AL_VALHALLA\AL_VALHALLA.csproj", "{D2479D3D-4663-4F7B-B0A1-806E440BA724}"
EndProject
Global
	GlobalSection(SolutionConfigurationPlatforms) = preSolution
		Debug|Any CPU = Debug|Any CPU
		Release|Any CPU = Release|Any CPU
	EndGlobalSection
	GlobalSection(ProjectConfigurationPlatforms) = postSolution
		{D2479D3D-4663-4F7B-B0A1-806E440BA724}.Debug|Any CPU.ActiveCfg = Debug|Any CPU
		{D2479D3D-4663-4F7B-B0A1-806E440BA724}.Debug|Any CPU.Build.0 = Debug|Any CPU
		{D2479D3D-4663-4F7B-B0A1-806E440BA724}.Release|Any CPU.ActiveCfg = Release|Any CPU
		{D2479D3D-4663-4F7B-B0A1-806E440BA724}.Release|Any CPU.Build.0 = Release|Any CPU
	EndGlobalSection
	GlobalSection(SolutionProperties) = preSolution
		HideSolutionNode = FALSE
	EndGlobalSection
	GlobalSection(ExtensibilityGlobals) = postSolution
		SolutionGuid = {E22FD389-0A45-4646-95D9-180703702B25}
	EndGlobalSection
EndGlobal
